// !$*UTF8*$!
{
	archiveVersion = 1;
	classes = {
	};
	objectVersion = 46;
	objects = {

/* Begin PBXBuildFile section */
		7A92387F1C5030EA0072D8E3 /* main.m in Sources */ = {isa = PBXBuildFile; fileRef = 7A92387E1C5030EA0072D8E3 /* main.m */; };
		7A9238881C5030EA0072D8E3 /* Main.storyboard in Resources */ = {isa = PBXBuildFile; fileRef = 7A9238861C5030EA0072D8E3 /* Main.storyboard */; };
		7A92388A1C5030EA0072D8E3 /* Assets.xcassets in Resources */ = {isa = PBXBuildFile; fileRef = 7A9238891C5030EA0072D8E3 /* Assets.xcassets */; };
		7A92388D1C5030EA0072D8E3 /* LaunchScreen.storyboard in Resources */ = {isa = PBXBuildFile; fileRef = 7A92388B1C5030EA0072D8E3 /* LaunchScreen.storyboard */; };
		7A9238A91C5031D40072D8E3 /* COMAppDelegate.m in Sources */ = {isa = PBXBuildFile; fileRef = 7A9238A41C5031D40072D8E3 /* COMAppDelegate.m */; };
		7A9238AA1C5031D40072D8E3 /* COMExampleOperation.m in Sources */ = {isa = PBXBuildFile; fileRef = 7A9238A61C5031D40072D8E3 /* COMExampleOperation.m */; };
		7A9238AB1C5031D40072D8E3 /* COMViewController.m in Sources */ = {isa = PBXBuildFile; fileRef = 7A9238A81C5031D40072D8E3 /* COMViewController.m */; };
		C07313611C514AC600AE5DA9 /* COMOperation.m in Sources */ = {isa = PBXBuildFile; fileRef = C073135D1C514AC600AE5DA9 /* COMOperation.m */; };
		C07313621C514AC600AE5DA9 /* COMOperationQueueManager.m in Sources */ = {isa = PBXBuildFile; fileRef = C07313601C514AC600AE5DA9 /* COMOperationQueueManager.m */; };
/* End PBXBuildFile section */

/* Begin PBXFileReference section */
		7A92387A1C5030EA0072D8E3 /* CoreOperation.app */ = {isa = PBXFileReference; explicitFileType = wrapper.application; includeInIndex = 0; path = CoreOperation.app; sourceTree = BUILT_PRODUCTS_DIR; };
		7A92387E1C5030EA0072D8E3 /* main.m */ = {isa = PBXFileReference; lastKnownFileType = sourcecode.c.objc; path = main.m; sourceTree = "<group>"; };
		7A9238871C5030EA0072D8E3 /* Base */ = {isa = PBXFileReference; lastKnownFileType = file.storyboard; name = Base; path = Base.lproj/Main.storyboard; sourceTree = "<group>"; };
		7A9238891C5030EA0072D8E3 /* Assets.xcassets */ = {isa = PBXFileReference; lastKnownFileType = folder.assetcatalog; path = Assets.xcassets; sourceTree = "<group>"; };
		7A92388C1C5030EA0072D8E3 /* Base */ = {isa = PBXFileReference; lastKnownFileType = file.storyboard; name = Base; path = Base.lproj/LaunchScreen.storyboard; sourceTree = "<group>"; };
		7A92388E1C5030EA0072D8E3 /* Info.plist */ = {isa = PBXFileReference; lastKnownFileType = text.plist.xml; path = Info.plist; sourceTree = "<group>"; };
		7A9238A31C5031D40072D8E3 /* COMAppDelegate.h */ = {isa = PBXFileReference; fileEncoding = 4; lastKnownFileType = sourcecode.c.h; path = COMAppDelegate.h; sourceTree = "<group>"; };
		7A9238A41C5031D40072D8E3 /* COMAppDelegate.m */ = {isa = PBXFileReference; fileEncoding = 4; lastKnownFileType = sourcecode.c.objc; path = COMAppDelegate.m; sourceTree = "<group>"; };
		7A9238A51C5031D40072D8E3 /* COMExampleOperation.h */ = {isa = PBXFileReference; fileEncoding = 4; lastKnownFileType = sourcecode.c.h; path = COMExampleOperation.h; sourceTree = "<group>"; };
		7A9238A61C5031D40072D8E3 /* COMExampleOperation.m */ = {isa = PBXFileReference; fileEncoding = 4; lastKnownFileType = sourcecode.c.objc; path = COMExampleOperation.m; sourceTree = "<group>"; };
		7A9238A71C5031D40072D8E3 /* COMViewController.h */ = {isa = PBXFileReference; fileEncoding = 4; lastKnownFileType = sourcecode.c.h; path = COMViewController.h; sourceTree = "<group>"; };
		7A9238A81C5031D40072D8E3 /* COMViewController.m */ = {isa = PBXFileReference; fileEncoding = 4; lastKnownFileType = sourcecode.c.objc; path = COMViewController.m; sourceTree = "<group>"; };
		C073135A1C514AC600AE5DA9 /* CoreOperation.h */ = {isa = PBXFileReference; fileEncoding = 4; lastKnownFileType = sourcecode.c.h; path = CoreOperation.h; sourceTree = "<group>"; };
		C073135C1C514AC600AE5DA9 /* COMOperation.h */ = {isa = PBXFileReference; fileEncoding = 4; lastKnownFileType = sourcecode.c.h; path = COMOperation.h; sourceTree = "<group>"; };
		C073135D1C514AC600AE5DA9 /* COMOperation.m */ = {isa = PBXFileReference; fileEncoding = 4; lastKnownFileType = sourcecode.c.objc; path = COMOperation.m; sourceTree = "<group>"; };
		C073135F1C514AC600AE5DA9 /* COMOperationQueueManager.h */ = {isa = PBXFileReference; fileEncoding = 4; lastKnownFileType = sourcecode.c.h; path = COMOperationQueueManager.h; sourceTree = "<group>"; };
		C07313601C514AC600AE5DA9 /* COMOperationQueueManager.m */ = {isa = PBXFileReference; fileEncoding = 4; lastKnownFileType = sourcecode.c.objc; path = COMOperationQueueManager.m; sourceTree = "<group>"; };
/* End PBXFileReference section */

/* Begin PBXFrameworksBuildPhase section */
		7A9238771C5030EA0072D8E3 /* Frameworks */ = {
			isa = PBXFrameworksBuildPhase;
			buildActionMask = 2147483647;
			files = (
			);
			runOnlyForDeploymentPostprocessing = 0;
		};
/* End PBXFrameworksBuildPhase section */

/* Begin PBXGroup section */
		7A9238711C5030EA0072D8E3 = {
			isa = PBXGroup;
			children = (
				7A92387C1C5030EA0072D8E3 /* CoreOperation */,
				7A92387B1C5030EA0072D8E3 /* Products */,
			);
			sourceTree = "<group>";
		};
		7A92387B1C5030EA0072D8E3 /* Products */ = {
			isa = PBXGroup;
			children = (
				7A92387A1C5030EA0072D8E3 /* CoreOperation.app */,
			);
			name = Products;
			sourceTree = "<group>";
		};
		7A92387C1C5030EA0072D8E3 /* CoreOperation */ = {
			isa = PBXGroup;
			children = (
				7A9238941C50311C0072D8E3 /* CoreOperation */,
				7A9238A21C5031D40072D8E3 /* Example */,
				7A9238861C5030EA0072D8E3 /* Main.storyboard */,
				7A9238891C5030EA0072D8E3 /* Assets.xcassets */,
				7A92388B1C5030EA0072D8E3 /* LaunchScreen.storyboard */,
				7A92388E1C5030EA0072D8E3 /* Info.plist */,
				7A92387D1C5030EA0072D8E3 /* Supporting Files */,
			);
			path = CoreOperation;
			sourceTree = "<group>";
		};
		7A92387D1C5030EA0072D8E3 /* Supporting Files */ = {
			isa = PBXGroup;
			children = (
				7A92387E1C5030EA0072D8E3 /* main.m */,
			);
			name = "Supporting Files";
			sourceTree = "<group>";
		};
		7A9238941C50311C0072D8E3 /* CoreOperation */ = {
			isa = PBXGroup;
			children = (
				C07313591C514AC600AE5DA9 /* Header */,
				C073135B1C514AC600AE5DA9 /* Operation */,
				C073135E1C514AC600AE5DA9 /* QueueManager */,
			);
			path = CoreOperation;
			sourceTree = "<group>";
		};
		7A9238A21C5031D40072D8E3 /* Example */ = {
			isa = PBXGroup;
			children = (
				7A9238A31C5031D40072D8E3 /* COMAppDelegate.h */,
				7A9238A41C5031D40072D8E3 /* COMAppDelegate.m */,
				7A9238A71C5031D40072D8E3 /* COMViewController.h */,
				7A9238A81C5031D40072D8E3 /* COMViewController.m */,
				7A9238A51C5031D40072D8E3 /* COMExampleOperation.h */,
				7A9238A61C5031D40072D8E3 /* COMExampleOperation.m */,
			);
			path = Example;
			sourceTree = "<group>";
		};
		C07313591C514AC600AE5DA9 /* Header */ = {
			isa = PBXGroup;
			children = (
				C073135A1C514AC600AE5DA9 /* CoreOperation.h */,
			);
			name = Header;
			path = "../../../CoreOperation-iOS/Header";
			sourceTree = "<group>";
		};
		C073135B1C514AC600AE5DA9 /* Operation */ = {
			isa = PBXGroup;
			children = (
				C073135C1C514AC600AE5DA9 /* COMOperation.h */,
				C073135D1C514AC600AE5DA9 /* COMOperation.m */,
			);
			name = Operation;
			path = "../../../CoreOperation-iOS/Operation";
			sourceTree = "<group>";
		};
		C073135E1C514AC600AE5DA9 /* QueueManager */ = {
			isa = PBXGroup;
			children = (
				C073135F1C514AC600AE5DA9 /* COMOperationQueueManager.h */,
				C07313601C514AC600AE5DA9 /* COMOperationQueueManager.m */,
			);
			name = QueueManager;
			path = "../../../CoreOperation-iOS/QueueManager";
			sourceTree = "<group>";
		};
/* End PBXGroup section */

/* Begin PBXNativeTarget section */
		7A9238791C5030EA0072D8E3 /* CoreOperation */ = {
			isa = PBXNativeTarget;
			buildConfigurationList = 7A9238911C5030EA0072D8E3 /* Build configuration list for PBXNativeTarget "CoreOperation" */;
			buildPhases = (
				7A9238761C5030EA0072D8E3 /* Sources */,
				7A9238771C5030EA0072D8E3 /* Frameworks */,
				7A9238781C5030EA0072D8E3 /* Resources */,
			);
			buildRules = (
			);
			dependencies = (
			);
			name = CoreOperation;
			productName = CoreOperation;
			productReference = 7A92387A1C5030EA0072D8E3 /* CoreOperation.app */;
			productType = "com.apple.product-type.application";
		};
/* End PBXNativeTarget section */

/* Begin PBXProject section */
		7A9238721C5030EA0072D8E3 /* Project object */ = {
			isa = PBXProject;
			attributes = {
				LastUpgradeCheck = 0720;
				ORGANIZATIONNAME = "Gabriel Massana";
				TargetAttributes = {
					7A9238791C5030EA0072D8E3 = {
						CreatedOnToolsVersion = 7.2;
					};
				};
			};
			buildConfigurationList = 7A9238751C5030EA0072D8E3 /* Build configuration list for PBXProject "CoreOperation" */;
			compatibilityVersion = "Xcode 3.2";
			developmentRegion = English;
			hasScannedForEncodings = 0;
			knownRegions = (
				en,
				Base,
			);
			mainGroup = 7A9238711C5030EA0072D8E3;
			productRefGroup = 7A92387B1C5030EA0072D8E3 /* Products */;
			projectDirPath = "";
			projectRoot = "";
			targets = (
				7A9238791C5030EA0072D8E3 /* CoreOperation */,
			);
		};
/* End PBXProject section */

/* Begin PBXResourcesBuildPhase section */
		7A9238781C5030EA0072D8E3 /* Resources */ = {
			isa = PBXResourcesBuildPhase;
			buildActionMask = 2147483647;
			files = (
				7A92388D1C5030EA0072D8E3 /* LaunchScreen.storyboard in Resources */,
				7A92388A1C5030EA0072D8E3 /* Assets.xcassets in Resources */,
				7A9238881C5030EA0072D8E3 /* Main.storyboard in Resources */,
			);
			runOnlyForDeploymentPostprocessing = 0;
		};
/* End PBXResourcesBuildPhase section */

/* Begin PBXSourcesBuildPhase section */
		7A9238761C5030EA0072D8E3 /* Sources */ = {
			isa = PBXSourcesBuildPhase;
			buildActionMask = 2147483647;
			files = (
				7A9238AB1C5031D40072D8E3 /* COMViewController.m in Sources */,
				C07313621C514AC600AE5DA9 /* COMOperationQueueManager.m in Sources */,
				7A9238AA1C5031D40072D8E3 /* COMExampleOperation.m in Sources */,
				7A9238A91C5031D40072D8E3 /* COMAppDelegate.m in Sources */,
				7A92387F1C5030EA0072D8E3 /* main.m in Sources */,
				C07313611C514AC600AE5DA9 /* COMOperation.m in Sources */,
			);
			runOnlyForDeploymentPostprocessing = 0;
		};
/* End PBXSourcesBuildPhase section */

/* Begin PBXVariantGroup section */
		7A9238861C5030EA0072D8E3 /* Main.storyboard */ = {
			isa = PBXVariantGroup;
			children = (
				7A9238871C5030EA0072D8E3 /* Base */,
			);
			name = Main.storyboard;
			sourceTree = "<group>";
		};
		7A92388B1C5030EA0072D8E3 /* LaunchScreen.storyboard */ = {
			isa = PBXVariantGroup;
			children = (
				7A92388C1C5030EA0072D8E3 /* Base */,
			);
			name = LaunchScreen.storyboard;
			sourceTree = "<group>";
		};
/* End PBXVariantGroup section */

/* Begin XCBuildConfiguration section */
		7A92388F1C5030EA0072D8E3 /* Debug */ = {
			isa = XCBuildConfiguration;
			buildSettings = {
				ALWAYS_SEARCH_USER_PATHS = NO;
				CLANG_CXX_LANGUAGE_STANDARD = "gnu++0x";
				CLANG_CXX_LIBRARY = "libc++";
				CLANG_ENABLE_MODULES = YES;
				CLANG_ENABLE_OBJC_ARC = YES;
				CLANG_WARN_BOOL_CONVERSION = YES;
				CLANG_WARN_CONSTANT_CONVERSION = YES;
				CLANG_WARN_DIRECT_OBJC_ISA_USAGE = YES_ERROR;
				CLANG_WARN_EMPTY_BODY = YES;
				CLANG_WARN_ENUM_CONVERSION = YES;
				CLANG_WARN_INT_CONVERSION = YES;
				CLANG_WARN_OBJC_ROOT_CLASS = YES_ERROR;
				CLANG_WARN_UNREACHABLE_CODE = YES;
				CLANG_WARN__DUPLICATE_METHOD_MATCH = YES;
				"CODE_SIGN_IDENTITY[sdk=iphoneos*]" = "iPhone Developer";
				COPY_PHASE_STRIP = NO;
				DEBUG_INFORMATION_FORMAT = dwarf;
				ENABLE_STRICT_OBJC_MSGSEND = YES;
				ENABLE_TESTABILITY = YES;
				GCC_C_LANGUAGE_STANDARD = gnu99;
				GCC_DYNAMIC_NO_PIC = NO;
				GCC_NO_COMMON_BLOCKS = YES;
				GCC_OPTIMIZATION_LEVEL = 0;
				GCC_PREPROCESSOR_DEFINITIONS = (
					"DEBUG=1",
					"$(inherited)",
				);
				GCC_WARN_64_TO_32_BIT_CONVERSION = YES;
				GCC_WARN_ABOUT_RETURN_TYPE = YES_ERROR;
				GCC_WARN_UNDECLARED_SELECTOR = YES;
				GCC_WARN_UNINITIALIZED_AUTOS = YES_AGGRESSIVE;
				GCC_WARN_UNUSED_FUNCTION = YES;
				GCC_WARN_UNUSED_VARIABLE = YES;
				IPHONEOS_DEPLOYMENT_TARGET = 9.2;
				MTL_ENABLE_DEBUG_INFO = YES;
				ONLY_ACTIVE_ARCH = YES;
				SDKROOT = iphoneos;
			};
			name = Debug;
		};
		7A9238901C5030EA0072D8E3 /* Release */ = {
			isa = XCBuildConfiguration;
			buildSettings = {
				ALWAYS_SEARCH_USER_PATHS = NO;
				CLANG_CXX_LANGUAGE_STANDARD = "gnu++0x";
				CLANG_CXX_LIBRARY = "libc++";
				CLANG_ENABLE_MODULES = YES;
				CLANG_ENABLE_OBJC_ARC = YES;
				CLANG_WARN_BOOL_CONVERSION = YES;
				CLANG_WARN_CONSTANT_CONVERSION = YES;
				CLANG_WARN_DIRECT_OBJC_ISA_USAGE = YES_ERROR;
				CLANG_WARN_EMPTY_BODY = YES;
				CLANG_WARN_ENUM_CONVERSION = YES;
				CLANG_WARN_INT_CONVERSION = YES;
				CLANG_WARN_OBJC_ROOT_CLASS = YES_ERROR;
				CLANG_WARN_UNREACHABLE_CODE = YES;
				CLANG_WARN__DUPLICATE_METHOD_MATCH = YES;
				"CODE_SIGN_IDENTITY[sdk=iphoneos*]" = "iPhone Developer";
				COPY_PHASE_STRIP = NO;
				DEBUG_INFORMATION_FORMAT = "dwarf-with-dsym";
				ENABLE_NS_ASSERTIONS = NO;
				ENABLE_STRICT_OBJC_MSGSEND = YES;
				GCC_C_LANGUAGE_STANDARD = gnu99;
				GCC_NO_COMMON_BLOCKS = YES;
				GCC_WARN_64_TO_32_BIT_CONVERSION = YES;
				GCC_WARN_ABOUT_RETURN_TYPE = YES_ERROR;
				GCC_WARN_UNDECLARED_SELECTOR = YES;
				GCC_WARN_UNINITIALIZED_AUTOS = YES_AGGRESSIVE;
				GCC_WARN_UNUSED_FUNCTION = YES;
				GCC_WARN_UNUSED_VARIABLE = YES;
				IPHONEOS_DEPLOYMENT_TARGET = 9.2;
				MTL_ENABLE_DEBUG_INFO = NO;
				SDKROOT = iphoneos;
				VALIDATE_PRODUCT = YES;
			};
			name = Release;
		};
		7A9238921C5030EA0072D8E3 /* Debug */ = {
			isa = XCBuildConfiguration;
			buildSettings = {
				ASSETCATALOG_COMPILER_APPICON_NAME = AppIcon;
				INFOPLIST_FILE = CoreOperation/Info.plist;
				LD_RUNPATH_SEARCH_PATHS = "$(inherited) @executable_path/Frameworks";
				PRODUCT_BUNDLE_IDENTIFIER = "Gabriel-Massana.CoreOperation";
				PRODUCT_NAME = "$(TARGET_NAME)";
			};
			name = Debug;
		};
		7A9238931C5030EA0072D8E3 /* Release */ = {
			isa = XCBuildConfiguration;
			buildSettings = {
				ASSETCATALOG_COMPILER_APPICON_NAME = AppIcon;
				INFOPLIST_FILE = CoreOperation/Info.plist;
				LD_RUNPATH_SEARCH_PATHS = "$(inherited) @executable_path/Frameworks";
				PRODUCT_BUNDLE_IDENTIFIER = "Gabriel-Massana.CoreOperation";
				PRODUCT_NAME = "$(TARGET_NAME)";
			};
			name = Release;
		};
/* End XCBuildConfiguration section */

/* Begin XCConfigurationList section */
		7A9238751C5030EA0072D8E3 /* Build configuration list for PBXProject "CoreOperation" */ = {
			isa = XCConfigurationList;
			buildConfigurations = (
				7A92388F1C5030EA0072D8E3 /* Debug */,
				7A9238901C5030EA0072D8E3 /* Release */,
			);
			defaultConfigurationIsVisible = 0;
			defaultConfigurationName = Release;
		};
		7A9238911C5030EA0072D8E3 /* Build configuration list for PBXNativeTarget "CoreOperation" */ = {
			isa = XCConfigurationList;
			buildConfigurations = (
				7A9238921C5030EA0072D8E3 /* Debug */,
				7A9238931C5030EA0072D8E3 /* Release */,
			);
			defaultConfigurationIsVisible = 0;
			defaultConfigurationName = Release;
		};
/* End XCConfigurationList section */
	};
	rootObject = 7A9238721C5030EA0072D8E3 /* Project object */;
}
